// !$*UTF8*$!
{
	archiveVersion = 1;
	classes = {
	};
	objectVersion = 44;
	objects = {

/* Begin PBXBuildFile section */
		8D11072B0486CEB800E47090 /* InfoPlist.strings in Resources */ = {isa = PBXBuildFile; fileRef = 089C165CFE840E0CC02AAC07 /* InfoPlist.strings */; };
		8D11072F0486CEB800E47090 /* Cocoa.framework in Frameworks */ = {isa = PBXBuildFile; fileRef = 1058C7A1FEA54F0111CA2CBB /* Cocoa.framework */; };
		E90B45970FFD16860099688F /* AdventureState.cpp in Sources */ = {isa = PBXBuildFile; fileRef = E90B45660FFD16860099688F /* AdventureState.cpp */; };
		E90B459D0FFD16860099688F /* InputManager.cpp in Sources */ = {isa = PBXBuildFile; fileRef = E90B457B0FFD16860099688F /* InputManager.cpp */; };
		E90B459E0FFD16860099688F /* JSONFile.cpp in Sources */ = {isa = PBXBuildFile; fileRef = E90B457D0FFD16860099688F /* JSONFile.cpp */; };
		E90B459F0FFD16860099688F /* main.cpp in Sources */ = {isa = PBXBuildFile; fileRef = E90B457F0FFD16860099688F /* main.cpp */; };
		E90B45A00FFD16860099688F /* MainMenuState.cpp in Sources */ = {isa = PBXBuildFile; fileRef = E90B45800FFD16860099688F /* MainMenuState.cpp */; };
		E90B45A10FFD16860099688F /* contactListener.cpp in Sources */ = {isa = PBXBuildFile; fileRef = E90B45830FFD16860099688F /* contactListener.cpp */; };
		E90B45A20FFD16860099688F /* scene.cpp in Sources */ = {isa = PBXBuildFile; fileRef = E90B45860FFD16860099688F /* scene.cpp */; };
		E90B45A50FFD16860099688F /* TitleState.cpp in Sources */ = {isa = PBXBuildFile; fileRef = E90B458F0FFD16860099688F /* TitleState.cpp */; };
		E90B45A60FFD16860099688F /* UIButton.cpp in Sources */ = {isa = PBXBuildFile; fileRef = E90B45930FFD16860099688F /* UIButton.cpp */; };
		E90B45A70FFD16860099688F /* UISheet.cpp in Sources */ = {isa = PBXBuildFile; fileRef = E90B45940FFD16860099688F /* UISheet.cpp */; };
		E90B45A80FFD16860099688F /* UISliderControl.cpp in Sources */ = {isa = PBXBuildFile; fileRef = E90B45950FFD16860099688F /* UISliderControl.cpp */; };
		E90B45A90FFD16860099688F /* UITextBox.cpp in Sources */ = {isa = PBXBuildFile; fileRef = E90B45960FFD16860099688F /* UITextBox.cpp */; };
		E913435A113F792F006EDEB4 /* Core.cpp in Sources */ = {isa = PBXBuildFile; fileRef = E9134358113F792F006EDEB4 /* Core.cpp */; };
		E913436D113F7989006EDEB4 /* RenderManager.cpp in Sources */ = {isa = PBXBuildFile; fileRef = E9134361113F7989006EDEB4 /* RenderManager.cpp */; };
		E913436E113F7989006EDEB4 /* Sprite.cpp in Sources */ = {isa = PBXBuildFile; fileRef = E9134363113F7989006EDEB4 /* Sprite.cpp */; };
		E9134370113F7989006EDEB4 /* SpriteSheet.cpp in Sources */ = {isa = PBXBuildFile; fileRef = E9134367113F7989006EDEB4 /* SpriteSheet.cpp */; };
		E9134375113F79BA006EDEB4 /* AudioManager.cpp in Sources */ = {isa = PBXBuildFile; fileRef = E9134373113F79BA006EDEB4 /* AudioManager.cpp */; };
		E91343A3113F7AC2006EDEB4 /* BT_Title_screen.png in Resources */ = {isa = PBXBuildFile; fileRef = E91343A2113F7AC2006EDEB4 /* BT_Title_screen.png */; };
		E91344C6113F8474006EDEB4 /* Gosu.framework in Frameworks */ = {isa = PBXBuildFile; fileRef = E91344C5113F8474006EDEB4 /* Gosu.framework */; };
		E92AE8080F8E636C00E5222C /* libboost_signals-xgcc40-mt-1_38.dylib in Frameworks */ = {isa = PBXBuildFile; fileRef = E92AE8070F8E636C00E5222C /* libboost_signals-xgcc40-mt-1_38.dylib */; };
		E9382FE60F216BFC0093F382 /* MUGDsm.ico in Resources */ = {isa = PBXBuildFile; fileRef = E9382FE40F216BFC0093F382 /* MUGDsm.ico */; };
		E93830190F2170B70093F382 /* Images in Resources */ = {isa = PBXBuildFile; fileRef = E93830150F2170B70093F382 /* Images */; };
		E947C9140F8939110015A29A /* Sound in Resources */ = {isa = PBXBuildFile; fileRef = E947C90A0F8939110015A29A /* Sound */; };
		E983873E1146095400DE0BFE /* GameState.cpp in Sources */ = {isa = PBXBuildFile; fileRef = E983873D1146095400DE0BFE /* GameState.cpp */; };
		E984F620100EC2AD00638023 /* Player.cpp in Sources */ = {isa = PBXBuildFile; fileRef = E984F61F100EC2AD00638023 /* Player.cpp */; };
		E984F622100EC2B700638023 /* TextArea.cpp in Sources */ = {isa = PBXBuildFile; fileRef = E984F621100EC2B700638023 /* TextArea.cpp */; };
		E985A6630F61F2330039010F /* box2d.lib in Frameworks */ = {isa = PBXBuildFile; fileRef = E985A6620F61F2330039010F /* box2d.lib */; };
		E985A6930F64608D0039010F /* Data in Resources */ = {isa = PBXBuildFile; fileRef = E985A68F0F64608D0039010F /* Data */; };
		E98B73671015120800625C0C /* SceneObject.cpp in Sources */ = {isa = PBXBuildFile; fileRef = E98B73661015120800625C0C /* SceneObject.cpp */; };
		E99EAA281002F31500E44483 /* libboost_signals-xgcc40-mt-1_38.dylib in CopyFiles */ = {isa = PBXBuildFile; fileRef = E92AE8070F8E636C00E5222C /* libboost_signals-xgcc40-mt-1_38.dylib */; };
		E9EA39551008208500D37BA7 /* UIContainer.cpp in Sources */ = {isa = PBXBuildFile; fileRef = E9EA39531008208500D37BA7 /* UIContainer.cpp */; };
		E9EA39561008208500D37BA7 /* UIWindow.cpp in Sources */ = {isa = PBXBuildFile; fileRef = E9EA39541008208500D37BA7 /* UIWindow.cpp */; };
		E9F6EB000F2BA14100587E82 /* libBox2D.dylib in Frameworks */ = {isa = PBXBuildFile; fileRef = E9F6EAFE0F2BA14100587E82 /* libBox2D.dylib */; };
		E9F6EB010F2BA14100587E82 /* libBox2D.dylib.dSYM in Resources */ = {isa = PBXBuildFile; fileRef = E9F6EAFF0F2BA14100587E82 /* libBox2D.dylib.dSYM */; };
		E9F6EB020F2BA15900587E82 /* libBox2D.dylib in CopyFiles */ = {isa = PBXBuildFile; fileRef = E9F6EAFE0F2BA14100587E82 /* libBox2D.dylib */; };
/* End PBXBuildFile section */

/* Begin PBXCopyFilesBuildPhase section */
		E93830140F21709D0093F382 /* Copy Frameworks */ = {
			isa = PBXCopyFilesBuildPhase;
			buildActionMask = 2147483647;
			dstPath = "";
			dstSubfolderSpec = 10;
			files = (
			);
			name = "Copy Frameworks";
			runOnlyForDeploymentPostprocessing = 0;
		};
		E9F6EB2C0F2BA23D00587E82 /* CopyFiles */ = {
			isa = PBXCopyFilesBuildPhase;
			buildActionMask = 2147483647;
			dstPath = "";
			dstSubfolderSpec = 6;
			files = (
				E99EAA281002F31500E44483 /* libboost_signals-xgcc40-mt-1_38.dylib in CopyFiles */,
				E9F6EB020F2BA15900587E82 /* libBox2D.dylib in CopyFiles */,
			);
			runOnlyForDeploymentPostprocessing = 0;
		};
/* End PBXCopyFilesBuildPhase section */

/* Begin PBXFileReference section */
		089C165DFE840E0CC02AAC07 /* English */ = {isa = PBXFileReference; fileEncoding = 10; lastKnownFileType = text.plist.strings; name = English; path = English.lproj/InfoPlist.strings; sourceTree = "<group>"; };
		1058C7A1FEA54F0111CA2CBB /* Cocoa.framework */ = {isa = PBXFileReference; lastKnownFileType = wrapper.framework; name = Cocoa.framework; path = /System/Library/Frameworks/Cocoa.framework; sourceTree = "<absolute>"; };
		13E42FB307B3F0F600E4EEF1 /* CoreData.framework */ = {isa = PBXFileReference; lastKnownFileType = wrapper.framework; name = CoreData.framework; path = /System/Library/Frameworks/CoreData.framework; sourceTree = "<absolute>"; };
		29B97324FDCFA39411CA2CEA /* AppKit.framework */ = {isa = PBXFileReference; lastKnownFileType = wrapper.framework; name = AppKit.framework; path = /System/Library/Frameworks/AppKit.framework; sourceTree = "<absolute>"; };
		29B97325FDCFA39411CA2CEA /* Foundation.framework */ = {isa = PBXFileReference; lastKnownFileType = wrapper.framework; name = Foundation.framework; path = /System/Library/Frameworks/Foundation.framework; sourceTree = "<absolute>"; };
		32CA4F630368D1EE00C91783 /* Destructible_Prefix.pch */ = {isa = PBXFileReference; fileEncoding = 4; lastKnownFileType = sourcecode.c.h; path = Destructible_Prefix.pch; sourceTree = "<group>"; };
		8D1107310486CEB800E47090 /* Info.plist */ = {isa = PBXFileReference; fileEncoding = 4; lastKnownFileType = text.plist.xml; path = Info.plist; sourceTree = "<group>"; };
		8D1107320486CEB800E47090 /* Destructible.app */ = {isa = PBXFileReference; explicitFileType = wrapper.application; includeInIndex = 0; path = Destructible.app; sourceTree = BUILT_PRODUCTS_DIR; };
		E90B45660FFD16860099688F /* AdventureState.cpp */ = {isa = PBXFileReference; fileEncoding = 4; lastKnownFileType = sourcecode.cpp.cpp; path = AdventureState.cpp; sourceTree = "<group>"; };
		E90B45670FFD16860099688F /* AdventureState.h */ = {isa = PBXFileReference; fileEncoding = 4; lastKnownFileType = sourcecode.c.h; path = AdventureState.h; sourceTree = "<group>"; };
		E90B45690FFD16860099688F /* GameState.h */ = {isa = PBXFileReference; fileEncoding = 4; lastKnownFileType = sourcecode.c.h; path = GameState.h; sourceTree = "<group>"; };
		E90B457B0FFD16860099688F /* InputManager.cpp */ = {isa = PBXFileReference; fileEncoding = 4; lastKnownFileType = sourcecode.cpp.cpp; path = InputManager.cpp; sourceTree = "<group>"; };
		E90B457D0FFD16860099688F /* JSONFile.cpp */ = {isa = PBXFileReference; fileEncoding = 4; lastKnownFileType = sourcecode.cpp.cpp; path = JSONFile.cpp; sourceTree = "<group>"; };
		E90B457E0FFD16860099688F /* JSONFile.hpp */ = {isa = PBXFileReference; fileEncoding = 4; lastKnownFileType = sourcecode.cpp.h; path = JSONFile.hpp; sourceTree = "<group>"; };
		E90B457F0FFD16860099688F /* main.cpp */ = {isa = PBXFileReference; fileEncoding = 4; lastKnownFileType = sourcecode.cpp.cpp; path = main.cpp; sourceTree = "<group>"; };
		E90B45800FFD16860099688F /* MainMenuState.cpp */ = {isa = PBXFileReference; fileEncoding = 4; lastKnownFileType = sourcecode.cpp.cpp; path = MainMenuState.cpp; sourceTree = "<group>"; };
		E90B45810FFD16860099688F /* MainMenuState.h */ = {isa = PBXFileReference; fileEncoding = 4; lastKnownFileType = sourcecode.c.h; path = MainMenuState.h; sourceTree = "<group>"; };
		E90B45830FFD16860099688F /* contactListener.cpp */ = {isa = PBXFileReference; fileEncoding = 4; lastKnownFileType = sourcecode.cpp.cpp; path = contactListener.cpp; sourceTree = "<group>"; };
		E90B45840FFD16860099688F /* ContactListener.h */ = {isa = PBXFileReference; fileEncoding = 4; lastKnownFileType = sourcecode.c.h; path = ContactListener.h; sourceTree = "<group>"; };
		E90B45860FFD16860099688F /* scene.cpp */ = {isa = PBXFileReference; fileEncoding = 4; lastKnownFileType = sourcecode.cpp.cpp; path = scene.cpp; sourceTree = "<group>"; };
		E90B45870FFD16860099688F /* Scene.h */ = {isa = PBXFileReference; fileEncoding = 4; lastKnownFileType = sourcecode.c.h; path = Scene.h; sourceTree = "<group>"; };
		E90B45880FFD16860099688F /* Player.h */ = {isa = PBXFileReference; fileEncoding = 4; lastKnownFileType = sourcecode.c.h; path = Player.h; sourceTree = "<group>"; };
		E90B45890FFD16860099688F /* SceneObject.h */ = {isa = PBXFileReference; fileEncoding = 4; lastKnownFileType = sourcecode.c.h; path = SceneObject.h; sourceTree = "<group>"; };
		E90B458F0FFD16860099688F /* TitleState.cpp */ = {isa = PBXFileReference; fileEncoding = 4; lastKnownFileType = sourcecode.cpp.cpp; path = TitleState.cpp; sourceTree = "<group>"; };
		E90B45900FFD16860099688F /* TitleState.h */ = {isa = PBXFileReference; fileEncoding = 4; lastKnownFileType = sourcecode.c.h; path = TitleState.h; sourceTree = "<group>"; };
		E90B45920FFD16860099688F /* GUIObjects.h */ = {isa = PBXFileReference; fileEncoding = 4; lastKnownFileType = sourcecode.c.h; path = GUIObjects.h; sourceTree = "<group>"; };
		E90B45930FFD16860099688F /* UIButton.cpp */ = {isa = PBXFileReference; fileEncoding = 4; lastKnownFileType = sourcecode.cpp.cpp; path = UIButton.cpp; sourceTree = "<group>"; };
		E90B45940FFD16860099688F /* UISheet.cpp */ = {isa = PBXFileReference; fileEncoding = 4; lastKnownFileType = sourcecode.cpp.cpp; path = UISheet.cpp; sourceTree = "<group>"; };
		E90B45950FFD16860099688F /* UISliderControl.cpp */ = {isa = PBXFileReference; fileEncoding = 4; lastKnownFileType = sourcecode.cpp.cpp; path = UISliderControl.cpp; sourceTree = "<group>"; };
		E90B45960FFD16860099688F /* UITextBox.cpp */ = {isa = PBXFileReference; fileEncoding = 4; lastKnownFileType = sourcecode.cpp.cpp; path = UITextBox.cpp; sourceTree = "<group>"; };
		E9134358113F792F006EDEB4 /* Core.cpp */ = {isa = PBXFileReference; fileEncoding = 4; lastKnownFileType = sourcecode.cpp.cpp; path = Core.cpp; sourceTree = "<group>"; };
		E9134359113F792F006EDEB4 /* Core.h */ = {isa = PBXFileReference; fileEncoding = 4; lastKnownFileType = sourcecode.c.h; path = Core.h; sourceTree = "<group>"; };
		E913435B113F793E006EDEB4 /* InputManager.h */ = {isa = PBXFileReference; fileEncoding = 4; lastKnownFileType = sourcecode.c.h; path = InputManager.h; sourceTree = "<group>"; };
		E9134361113F7989006EDEB4 /* RenderManager.cpp */ = {isa = PBXFileReference; fileEncoding = 4; lastKnownFileType = sourcecode.cpp.cpp; path = RenderManager.cpp; sourceTree = "<group>"; };
		E9134362113F7989006EDEB4 /* RenderManager.h */ = {isa = PBXFileReference; fileEncoding = 4; lastKnownFileType = sourcecode.c.h; path = RenderManager.h; sourceTree = "<group>"; };
		E9134363113F7989006EDEB4 /* Sprite.cpp */ = {isa = PBXFileReference; fileEncoding = 4; lastKnownFileType = sourcecode.cpp.cpp; path = Sprite.cpp; sourceTree = "<group>"; };
		E9134364113F7989006EDEB4 /* Sprite.h */ = {isa = PBXFileReference; fileEncoding = 4; lastKnownFileType = sourcecode.c.h; path = Sprite.h; sourceTree = "<group>"; };
		E9134367113F7989006EDEB4 /* SpriteSheet.cpp */ = {isa = PBXFileReference; fileEncoding = 4; lastKnownFileType = sourcecode.cpp.cpp; path = SpriteSheet.cpp; sourceTree = "<group>"; };
		E9134368113F7989006EDEB4 /* SpriteSheet.h */ = {isa = PBXFileReference; fileEncoding = 4; lastKnownFileType = sourcecode.c.h; path = SpriteSheet.h; sourceTree = "<group>"; };
		E9134373113F79BA006EDEB4 /* AudioManager.cpp */ = {isa = PBXFileReference; fileEncoding = 4; lastKnownFileType = sourcecode.cpp.cpp; path = AudioManager.cpp; sourceTree = "<group>"; };
		E9134374113F79BA006EDEB4 /* AudioManager.h */ = {isa = PBXFileReference; fileEncoding = 4; lastKnownFileType = sourcecode.c.h; path = AudioManager.h; sourceTree = "<group>"; };
		E91343A2113F7AC2006EDEB4 /* BT_Title_screen.png */ = {isa = PBXFileReference; lastKnownFileType = image.png; name = BT_Title_screen.png; path = ../Images/BT_Title_screen.png; sourceTree = SOURCE_ROOT; };
		E91344C5113F8474006EDEB4 /* Gosu.framework */ = {isa = PBXFileReference; lastKnownFileType = wrapper.framework; name = Gosu.framework; path = ../libs/Gosu.framework; sourceTree = SOURCE_ROOT; };
		E92AE8070F8E636C00E5222C /* libboost_signals-xgcc40-mt-1_38.dylib */ = {isa = PBXFileReference; lastKnownFileType = "compiled.mach-o.dylib"; name = "libboost_signals-xgcc40-mt-1_38.dylib"; path = "../libs/libboost_signals-xgcc40-mt-1_38.dylib"; sourceTree = SOURCE_ROOT; };
		E9382FE40F216BFC0093F382 /* MUGDsm.ico */ = {isa = PBXFileReference; lastKnownFileType = image.ico; name = MUGDsm.ico; path = ../Images/MUGDsm.ico; sourceTree = SOURCE_ROOT; };
		E93830150F2170B70093F382 /* Images */ = {isa = PBXFileReference; lastKnownFileType = folder; name = Images; path = ../Images; sourceTree = SOURCE_ROOT; };
		E947C90A0F8939110015A29A /* Sound */ = {isa = PBXFileReference; lastKnownFileType = folder; name = Sound; path = ../Sound; sourceTree = SOURCE_ROOT; };
		E983873D1146095400DE0BFE /* GameState.cpp */ = {isa = PBXFileReference; fileEncoding = 4; lastKnownFileType = sourcecode.cpp.cpp; path = GameState.cpp; sourceTree = "<group>"; };
		E984F61F100EC2AD00638023 /* Player.cpp */ = {isa = PBXFileReference; fileEncoding = 4; lastKnownFileType = sourcecode.cpp.cpp; path = Player.cpp; sourceTree = "<group>"; };
		E984F621100EC2B700638023 /* TextArea.cpp */ = {isa = PBXFileReference; fileEncoding = 4; lastKnownFileType = sourcecode.cpp.cpp; path = TextArea.cpp; sourceTree = "<group>"; };
		E985A6620F61F2330039010F /* box2d.lib */ = {isa = PBXFileReference; lastKnownFileType = archive.ar; name = box2d.lib; path = ../libs/box2d.lib; sourceTree = SOURCE_ROOT; };
		E985A68F0F64608D0039010F /* Data */ = {isa = PBXFileReference; lastKnownFileType = folder; name = Data; path = ../Data; sourceTree = SOURCE_ROOT; };
		E98B73661015120800625C0C /* SceneObject.cpp */ = {isa = PBXFileReference; fileEncoding = 4; lastKnownFileType = sourcecode.cpp.cpp; path = SceneObject.cpp; sourceTree = "<group>"; };
		E9EA39531008208500D37BA7 /* UIContainer.cpp */ = {isa = PBXFileReference; fileEncoding = 4; lastKnownFileType = sourcecode.cpp.cpp; path = UIContainer.cpp; sourceTree = "<group>"; };
		E9EA39541008208500D37BA7 /* UIWindow.cpp */ = {isa = PBXFileReference; fileEncoding = 4; lastKnownFileType = sourcecode.cpp.cpp; path = UIWindow.cpp; sourceTree = "<group>"; };
		E9F6EAFE0F2BA14100587E82 /* libBox2D.dylib */ = {isa = PBXFileReference; lastKnownFileType = "compiled.mach-o.dylib"; name = libBox2D.dylib; path = ../libs/libBox2D.dylib; sourceTree = SOURCE_ROOT; };
		E9F6EAFF0F2BA14100587E82 /* libBox2D.dylib.dSYM */ = {isa = PBXFileReference; lastKnownFileType = wrapper.dsym; name = libBox2D.dylib.dSYM; path = ../libs/libBox2D.dylib.dSYM; sourceTree = SOURCE_ROOT; };
/* End PBXFileReference section */

/* Begin PBXFrameworksBuildPhase section */
		8D11072E0486CEB800E47090 /* Frameworks */ = {
			isa = PBXFrameworksBuildPhase;
			buildActionMask = 2147483647;
			files = (
				8D11072F0486CEB800E47090 /* Cocoa.framework in Frameworks */,
				E9F6EB000F2BA14100587E82 /* libBox2D.dylib in Frameworks */,
				E985A6630F61F2330039010F /* box2d.lib in Frameworks */,
				E92AE8080F8E636C00E5222C /* libboost_signals-xgcc40-mt-1_38.dylib in Frameworks */,
				E91344C6113F8474006EDEB4 /* Gosu.framework in Frameworks */,
			);
			runOnlyForDeploymentPostprocessing = 0;
		};
/* End PBXFrameworksBuildPhase section */

/* Begin PBXGroup section */
		1058C7A0FEA54F0111CA2CBB /* Linked Frameworks */ = {
			isa = PBXGroup;
			children = (
				1058C7A1FEA54F0111CA2CBB /* Cocoa.framework */,
			);
			name = "Linked Frameworks";
			sourceTree = "<group>";
		};
		1058C7A2FEA54F0111CA2CBB /* Other Frameworks */ = {
			isa = PBXGroup;
			children = (
				E91344C5113F8474006EDEB4 /* Gosu.framework */,
				E92AE8070F8E636C00E5222C /* libboost_signals-xgcc40-mt-1_38.dylib */,
				E985A6620F61F2330039010F /* box2d.lib */,
				E9F6EAFF0F2BA14100587E82 /* libBox2D.dylib.dSYM */,
				E9F6EAFE0F2BA14100587E82 /* libBox2D.dylib */,
				29B97324FDCFA39411CA2CEA /* AppKit.framework */,
				13E42FB307B3F0F600E4EEF1 /* CoreData.framework */,
				29B97325FDCFA39411CA2CEA /* Foundation.framework */,
			);
			name = "Other Frameworks";
			sourceTree = "<group>";
		};
		19C28FACFE9D520D11CA2CBB /* Products */ = {
			isa = PBXGroup;
			children = (
				8D1107320486CEB800E47090 /* Destructible.app */,
			);
			name = Products;
			sourceTree = "<group>";
		};
		29B97314FDCFA39411CA2CEA /* Destructible */ = {
			isa = PBXGroup;
			children = (
				E90B45650FFD16860099688F /* src */,
				E9F6EAFB0F2BA0EF00587E82 /* libs */,
				29B97315FDCFA39411CA2CEA /* Other Sources */,
				29B97317FDCFA39411CA2CEA /* Resources */,
				29B97323FDCFA39411CA2CEA /* Frameworks */,
				19C28FACFE9D520D11CA2CBB /* Products */,
			);
			name = Destructible;
			sourceTree = "<group>";
		};
		29B97315FDCFA39411CA2CEA /* Other Sources */ = {
			isa = PBXGroup;
			children = (
				32CA4F630368D1EE00C91783 /* Destructible_Prefix.pch */,
			);
			name = "Other Sources";
			sourceTree = "<group>";
		};
		29B97317FDCFA39411CA2CEA /* Resources */ = {
			isa = PBXGroup;
			children = (
				E947C90A0F8939110015A29A /* Sound */,
				E985A68F0F64608D0039010F /* Data */,
				E93830150F2170B70093F382 /* Images */,
				E91343A2113F7AC2006EDEB4 /* BT_Title_screen.png */,
				E9382FE40F216BFC0093F382 /* MUGDsm.ico */,
				8D1107310486CEB800E47090 /* Info.plist */,
				089C165CFE840E0CC02AAC07 /* InfoPlist.strings */,
			);
			name = Resources;
			sourceTree = "<group>";
		};
		29B97323FDCFA39411CA2CEA /* Frameworks */ = {
			isa = PBXGroup;
			children = (
				1058C7A0FEA54F0111CA2CBB /* Linked Frameworks */,
				1058C7A2FEA54F0111CA2CBB /* Other Frameworks */,
			);
			name = Frameworks;
			sourceTree = "<group>";
		};
		E90B45650FFD16860099688F /* src */ = {
			isa = PBXGroup;
			children = (
				E90B45790FFD16860099688F /* Input */,
				E90B45680FFD16860099688F /* Core */,
				E9134372113F79BA006EDEB4 /* Audio */,
				E913435C113F7989006EDEB4 /* Graphics */,
				E90B45850FFD16860099688F /* Scene */,
				E90B45820FFD16860099688F /* Physics */,
				E90B45910FFD16860099688F /* UI */,
				E90B457F0FFD16860099688F /* main.cpp */,
				E90B45670FFD16860099688F /* AdventureState.h */,
				E90B45660FFD16860099688F /* AdventureState.cpp */,
				E90B45810FFD16860099688F /* MainMenuState.h */,
				E90B45800FFD16860099688F /* MainMenuState.cpp */,
				E90B458F0FFD16860099688F /* TitleState.cpp */,
				E90B45900FFD16860099688F /* TitleState.h */,
			);
			name = src;
			path = ../src;
			sourceTree = SOURCE_ROOT;
		};
		E90B45680FFD16860099688F /* Core */ = {
			isa = PBXGroup;
			children = (
				E983873D1146095400DE0BFE /* GameState.cpp */,
				E9134358113F792F006EDEB4 /* Core.cpp */,
				E9134359113F792F006EDEB4 /* Core.h */,
				E90B45690FFD16860099688F /* GameState.h */,
			);
			path = Core;
			sourceTree = "<group>";
		};
		E90B45790FFD16860099688F /* Input */ = {
			isa = PBXGroup;
			children = (
				E913435B113F793E006EDEB4 /* InputManager.h */,
				E90B457B0FFD16860099688F /* InputManager.cpp */,
				E90B457D0FFD16860099688F /* JSONFile.cpp */,
				E90B457E0FFD16860099688F /* JSONFile.hpp */,
			);
			path = Input;
			sourceTree = "<group>";
		};
		E90B45820FFD16860099688F /* Physics */ = {
			isa = PBXGroup;
			children = (
				E90B45830FFD16860099688F /* contactListener.cpp */,
				E90B45840FFD16860099688F /* ContactListener.h */,
			);
			path = Physics;
			sourceTree = "<group>";
		};
		E90B45850FFD16860099688F /* Scene */ = {
			isa = PBXGroup;
			children = (
				E984F61F100EC2AD00638023 /* Player.cpp */,
				E90B45860FFD16860099688F /* scene.cpp */,
				E90B45870FFD16860099688F /* Scene.h */,
				E90B45880FFD16860099688F /* Player.h */,
				E90B45890FFD16860099688F /* SceneObject.h */,
				E98B73661015120800625C0C /* SceneObject.cpp */,
			);
			path = Scene;
			sourceTree = "<group>";
		};
		E90B45910FFD16860099688F /* UI */ = {
			isa = PBXGroup;
			children = (
				E984F621100EC2B700638023 /* TextArea.cpp */,
				E9EA39531008208500D37BA7 /* UIContainer.cpp */,
				E9EA39541008208500D37BA7 /* UIWindow.cpp */,
				E90B45920FFD16860099688F /* GUIObjects.h */,
				E90B45930FFD16860099688F /* UIButton.cpp */,
				E90B45940FFD16860099688F /* UISheet.cpp */,
				E90B45950FFD16860099688F /* UISliderControl.cpp */,
				E90B45960FFD16860099688F /* UITextBox.cpp */,
			);
			path = UI;
			sourceTree = "<group>";
		};
		E913435C113F7989006EDEB4 /* Graphics */ = {
			isa = PBXGroup;
			children = (
				E9134361113F7989006EDEB4 /* RenderManager.cpp */,
				E9134362113F7989006EDEB4 /* RenderManager.h */,
				E9134363113F7989006EDEB4 /* Sprite.cpp */,
				E9134364113F7989006EDEB4 /* Sprite.h */,
				E9134367113F7989006EDEB4 /* SpriteSheet.cpp */,
				E9134368113F7989006EDEB4 /* SpriteSheet.h */,
			);
			path = Graphics;
			sourceTree = "<group>";
		};
		E9134372113F79BA006EDEB4 /* Audio */ = {
			isa = PBXGroup;
			children = (
				E9134373113F79BA006EDEB4 /* AudioManager.cpp */,
				E9134374113F79BA006EDEB4 /* AudioManager.h */,
			);
			path = Audio;
			sourceTree = "<group>";
		};
		E9F6EAFB0F2BA0EF00587E82 /* libs */ = {
			isa = PBXGroup;
			children = (
			);
			name = libs;
			sourceTree = "<group>";
		};
/* End PBXGroup section */

/* Begin PBXNativeTarget section */
		8D1107260486CEB800E47090 /* MUGE */ = {
			isa = PBXNativeTarget;
			buildConfigurationList = C01FCF4A08A954540054247B /* Build configuration list for PBXNativeTarget "MUGE" */;
			buildPhases = (
				8D1107290486CEB800E47090 /* Resources */,
				8D11072C0486CEB800E47090 /* Sources */,
				8D11072E0486CEB800E47090 /* Frameworks */,
				E93830140F21709D0093F382 /* Copy Frameworks */,
				E9F6EB2C0F2BA23D00587E82 /* CopyFiles */,
			);
			buildRules = (
			);
			dependencies = (
			);
			name = MUGE;
			productInstallPath = "$(HOME)/Applications";
			productName = Destructible;
			productReference = 8D1107320486CEB800E47090 /* Destructible.app */;
			productType = "com.apple.product-type.application";
		};
/* End PBXNativeTarget section */

/* Begin PBXProject section */
		29B97313FDCFA39411CA2CEA /* Project object */ = {
			isa = PBXProject;
			buildConfigurationList = C01FCF4E08A954540054247B /* Build configuration list for PBXProject "MUGE" */;
			compatibilityVersion = "Xcode 3.0";
			hasScannedForEncodings = 1;
			mainGroup = 29B97314FDCFA39411CA2CEA /* Destructible */;
			projectDirPath = "";
			projectRoot = "";
			targets = (
				8D1107260486CEB800E47090 /* MUGE */,
			);
		};
/* End PBXProject section */

/* Begin PBXResourcesBuildPhase section */
		8D1107290486CEB800E47090 /* Resources */ = {
			isa = PBXResourcesBuildPhase;
			buildActionMask = 2147483647;
			files = (
				8D11072B0486CEB800E47090 /* InfoPlist.strings in Resources */,
				E9382FE60F216BFC0093F382 /* MUGDsm.ico in Resources */,
				E93830190F2170B70093F382 /* Images in Resources */,
				E9F6EB010F2BA14100587E82 /* libBox2D.dylib.dSYM in Resources */,
				E985A6930F64608D0039010F /* Data in Resources */,
				E947C9140F8939110015A29A /* Sound in Resources */,
				E91343A3113F7AC2006EDEB4 /* BT_Title_screen.png in Resources */,
			);
			runOnlyForDeploymentPostprocessing = 0;
		};
/* End PBXResourcesBuildPhase section */

/* Begin PBXSourcesBuildPhase section */
		8D11072C0486CEB800E47090 /* Sources */ = {
			isa = PBXSourcesBuildPhase;
			buildActionMask = 2147483647;
			files = (
				E90B45970FFD16860099688F /* AdventureState.cpp in Sources */,
				E90B459D0FFD16860099688F /* InputManager.cpp in Sources */,
				E90B459E0FFD16860099688F /* JSONFile.cpp in Sources */,
				E90B459F0FFD16860099688F /* main.cpp in Sources */,
				E90B45A00FFD16860099688F /* MainMenuState.cpp in Sources */,
				E90B45A10FFD16860099688F /* contactListener.cpp in Sources */,
				E90B45A20FFD16860099688F /* scene.cpp in Sources */,
				E90B45A50FFD16860099688F /* TitleState.cpp in Sources */,
				E90B45A60FFD16860099688F /* UIButton.cpp in Sources */,
				E90B45A70FFD16860099688F /* UISheet.cpp in Sources */,
				E90B45A80FFD16860099688F /* UISliderControl.cpp in Sources */,
				E90B45A90FFD16860099688F /* UITextBox.cpp in Sources */,
				E9EA39551008208500D37BA7 /* UIContainer.cpp in Sources */,
				E9EA39561008208500D37BA7 /* UIWindow.cpp in Sources */,
				E984F620100EC2AD00638023 /* Player.cpp in Sources */,
				E984F622100EC2B700638023 /* TextArea.cpp in Sources */,
				E98B73671015120800625C0C /* SceneObject.cpp in Sources */,
				E913435A113F792F006EDEB4 /* Core.cpp in Sources */,
				E913436D113F7989006EDEB4 /* RenderManager.cpp in Sources */,
				E913436E113F7989006EDEB4 /* Sprite.cpp in Sources */,
				E9134370113F7989006EDEB4 /* SpriteSheet.cpp in Sources */,
				E9134375113F79BA006EDEB4 /* AudioManager.cpp in Sources */,
				E983873E1146095400DE0BFE /* GameState.cpp in Sources */,
			);
			runOnlyForDeploymentPostprocessing = 0;
		};
/* End PBXSourcesBuildPhase section */

/* Begin PBXVariantGroup section */
		089C165CFE840E0CC02AAC07 /* InfoPlist.strings */ = {
			isa = PBXVariantGroup;
			children = (
				089C165DFE840E0CC02AAC07 /* English */,
			);
			name = InfoPlist.strings;
			sourceTree = "<group>";
		};
/* End PBXVariantGroup section */

/* Begin XCBuildConfiguration section */
		C01FCF4B08A954540054247B /* Debug */ = {
			isa = XCBuildConfiguration;
			buildSettings = {
				ALWAYS_SEARCH_USER_PATHS = NO;
				COPY_PHASE_STRIP = NO;
				FRAMEWORK_SEARCH_PATHS = (
					"$(inherited)",
					"\\\"$(SRCROOT)/../../../../Downloads/gosu-mac-0.7.11\\\"",
					"\\\"$(SRCROOT)/../../../Downloads/gosu-mac-0.7.11\\\"",
					"\\\"$(SRCROOT)/../libs\\\"",
					"\"$(SRCROOT)/../libs\"",
				);
				GCC_DYNAMIC_NO_PIC = NO;
				GCC_ENABLE_FIX_AND_CONTINUE = YES;
				GCC_MODEL_TUNING = G5;
				GCC_OPTIMIZATION_LEVEL = 0;
				GCC_PRECOMPILE_PREFIX_HEADER = YES;
				GCC_PREFIX_HEADER = Destructible_Prefix.pch;
				INFOPLIST_FILE = Info.plist;
				INSTALL_PATH = "$(HOME)/Applications";
				LIBRARY_SEARCH_PATHS = (
					"$(inherited)",
					"\\\"$(SRCROOT)/../libs\\\"",
					"\"$(SRCROOT)/../libs\"",
				);
				PRODUCT_NAME = Destructible;
			};
			name = Debug;
		};
		C01FCF4C08A954540054247B /* Release */ = {
			isa = XCBuildConfiguration;
			buildSettings = {
				ALWAYS_SEARCH_USER_PATHS = NO;
				DEBUG_INFORMATION_FORMAT = "dwarf-with-dsym";
				FRAMEWORK_SEARCH_PATHS = (
					"$(inherited)",
					"\\\"$(SRCROOT)/../../../../Downloads/gosu-mac-0.7.11\\\"",
					"\\\"$(SRCROOT)/../../../Downloads/gosu-mac-0.7.11\\\"",
					"\\\"$(SRCROOT)/../libs\\\"",
					"\"$(SRCROOT)/../libs\"",
				);
				GCC_MODEL_TUNING = G5;
				GCC_PRECOMPILE_PREFIX_HEADER = YES;
				GCC_PREFIX_HEADER = Destructible_Prefix.pch;
				INFOPLIST_FILE = Info.plist;
				INSTALL_PATH = "$(HOME)/Applications";
				LIBRARY_SEARCH_PATHS = (
					"$(inherited)",
					"\\\"$(SRCROOT)/../libs\\\"",
					"\"$(SRCROOT)/../libs\"",
				);
				PRODUCT_NAME = Destructible;
			};
			name = Release;
		};
		C01FCF4F08A954540054247B /* Debug */ = {
			isa = XCBuildConfiguration;
			buildSettings = {
				ARCHS = "$(ONLY_ACTIVE_ARCH_PRE_XCODE_3_1)";
				GCC_C_LANGUAGE_STANDARD = c99;
				GCC_OPTIMIZATION_LEVEL = 0;
				GCC_WARN_ABOUT_RETURN_TYPE = YES;
				GCC_WARN_UNUSED_VARIABLE = YES;
				HEADER_SEARCH_PATHS = (
					"\"$(SRCROOT)/../include/Box2D/Include\"",
					"\"$(SRCROOT)/../include\"",
					/usr/local/include,
				);
				LIBRARY_SEARCH_PATHS = (
					/Users/csit/Projects/destructible/libs,
					"/usr/local/lib/**",
				);
				ONLY_ACTIVE_ARCH_PRE_XCODE_3_1 = "$(NATIVE_ARCH)";
				OTHER_LDFLAGS = "";
				PREBINDING = NO;
				SDKROOT = "$(DEVELOPER_SDK_DIR)/MacOSX10.5.sdk";
			};
			name = Debug;
		};
		C01FCF5008A954540054247B /* Release */ = {
			isa = XCBuildConfiguration;
			buildSettings = {
				ARCHS = "$(ONLY_ACTIVE_ARCH_PRE_XCODE_3_1)";
				GCC_C_LANGUAGE_STANDARD = c99;
				GCC_WARN_ABOUT_RETURN_TYPE = YES;
				GCC_WARN_UNUSED_VARIABLE = YES;
				HEADER_SEARCH_PATHS = (
					"\"$(SRCROOT)/../include/Box2D/Include\"",
					"\"$(SRCROOT)/../include\"",
					/usr/local/include,
				);
				LIBRARY_SEARCH_PATHS = (
					/Users/csit/Projects/destructible/libs,
					"/usr/local/lib/**",
				);
				ONLY_ACTIVE_ARCH_PRE_XCODE_3_1 = "$(NATIVE_ARCH)";
				PREBINDING = NO;
				SDKROOT = "$(DEVELOPER_SDK_DIR)/MacOSX10.5.sdk";
			};
			name = Release;
		};
/* End XCBuildConfiguration section */

/* Begin XCConfigurationList section */
		C01FCF4A08A954540054247B /* Build configuration list for PBXNativeTarget "MUGE" */ = {
			isa = XCConfigurationList;
			buildConfigurations = (
				C01FCF4B08A954540054247B /* Debug */,
				C01FCF4C08A954540054247B /* Release */,
			);
			defaultConfigurationIsVisible = 0;
			defaultConfigurationName = Release;
		};
		C01FCF4E08A954540054247B /* Build configuration list for PBXProject "MUGE" */ = {
			isa = XCConfigurationList;
			buildConfigurations = (
				C01FCF4F08A954540054247B /* Debug */,
				C01FCF5008A954540054247B /* Release */,
			);
			defaultConfigurationIsVisible = 0;
			defaultConfigurationName = Release;
		};
/* End XCConfigurationList section */
	};
	rootObject = 29B97313FDCFA39411CA2CEA /* Project object */;
}
